
Microsoft Visual Studio Solution File, Format Version 12.00
Project("{FAE04EC0-301F-11D3-BF4B-00C04F79EFBC}") = "GestãoLoja", "GestãoLoja\GestãoLoja.csproj", "{D508B4A0-C84F-46F4-9533-D97ACAA0A4D4}"
EndProject
Project("{FAE04EC0-301F-11D3-BF4B-00C04F79EFBC}") = "WebAPI", "WebAPI\WebAPI.csproj", "{E7FB2239-B888-455B-9810-EB1085BB78C7}"
EndProject
Project("{FAE04EC0-301F-11D3-BF4B-00C04F79EFBC}") = "RCL", "RCL\RCL.csproj", "{134025D8-8CDB-468A-A905-EF4A075D99F0}"
EndProject
Project("{FAE04EC0-301F-11D3-BF4B-00C04F79EFBC}") = "MyMedia", "MyMedia\MyMedia.csproj", "{5BEB55D0-9A9F-4AA6-B427-69858729FC27}"
EndProject
Project("{FAE04EC0-301F-11D3-BF4B-00C04F79EFBC}") = "MauiApp1", "MauiApp1\MauiApp1.csproj", "{DF115FEF-3E13-4BD8-BBFE-4DA6F5FEBBB4}"
EndProject
Global
	GlobalSection(SolutionConfigurationPlatforms) = preSolution
		Debug|Any CPU = Debug|Any CPU
		Release|Any CPU = Release|Any CPU
	EndGlobalSection
	GlobalSection(ProjectConfigurationPlatforms) = postSolution
		{D508B4A0-C84F-46F4-9533-D97ACAA0A4D4}.Debug|Any CPU.ActiveCfg = Debug|Any CPU
		{D508B4A0-C84F-46F4-9533-D97ACAA0A4D4}.Debug|Any CPU.Build.0 = Debug|Any CPU
		{D508B4A0-C84F-46F4-9533-D97ACAA0A4D4}.Release|Any CPU.ActiveCfg = Release|Any CPU
		{D508B4A0-C84F-46F4-9533-D97ACAA0A4D4}.Release|Any CPU.Build.0 = Release|Any CPU
		{E7FB2239-B888-455B-9810-EB1085BB78C7}.Debug|Any CPU.ActiveCfg = Debug|Any CPU
		{E7FB2239-B888-455B-9810-EB1085BB78C7}.Debug|Any CPU.Build.0 = Debug|Any CPU
		{E7FB2239-B888-455B-9810-EB1085BB78C7}.Release|Any CPU.ActiveCfg = Release|Any CPU
		{E7FB2239-B888-455B-9810-EB1085BB78C7}.Release|Any CPU.Build.0 = Release|Any CPU
		{134025D8-8CDB-468A-A905-EF4A075D99F0}.Debug|Any CPU.ActiveCfg = Debug|Any CPU
		{134025D8-8CDB-468A-A905-EF4A075D99F0}.Debug|Any CPU.Build.0 = Debug|Any CPU
		{134025D8-8CDB-468A-A905-EF4A075D99F0}.Release|Any CPU.ActiveCfg = Release|Any CPU
		{134025D8-8CDB-468A-A905-EF4A075D99F0}.Release|Any CPU.Build.0 = Release|Any CPU
		{5BEB55D0-9A9F-4AA6-B427-69858729FC27}.Debug|Any CPU.ActiveCfg = Debug|Any CPU
		{5BEB55D0-9A9F-4AA6-B427-69858729FC27}.Debug|Any CPU.Build.0 = Debug|Any CPU
		{5BEB55D0-9A9F-4AA6-B427-69858729FC27}.Release|Any CPU.ActiveCfg = Release|Any CPU
		{5BEB55D0-9A9F-4AA6-B427-69858729FC27}.Release|Any CPU.Build.0 = Release|Any CPU
		{DF115FEF-3E13-4BD8-BBFE-4DA6F5FEBBB4}.Debug|Any CPU.ActiveCfg = Debug|Any CPU
		{DF115FEF-3E13-4BD8-BBFE-4DA6F5FEBBB4}.Debug|Any CPU.Build.0 = Debug|Any CPU
		{DF115FEF-3E13-4BD8-BBFE-4DA6F5FEBBB4}.Release|Any CPU.ActiveCfg = Release|Any CPU
		{DF115FEF-3E13-4BD8-BBFE-4DA6F5FEBBB4}.Release|Any CPU.Build.0 = Release|Any CPU
	EndGlobalSection
EndGlobal
